
Microsoft Visual Studio Solution File, Format Version 12.00
# Visual Studio Version 16
VisualStudioVersion = 16.0.29509.3
MinimumVisualStudioVersion = 10.0.40219.1
Project("{FAE04EC0-301F-11D3-BF4B-00C04F79EFBC}") = "Estapar_Web_APP", "Estapar_Web_APP\Estapar_Web_APP.csproj", "{9C0A91E1-9FC4-47A7-9446-4C18011B208C}"
EndProject
Project("{FAE04EC0-301F-11D3-BF4B-00C04F79EFBC}") = "Estapar_Web_BLL", "Estapar_Web_BLL\Estapar_Web_BLL.csproj", "{E718A2D9-C275-4670-8735-3999B27D817A}"
EndProject
Project("{FAE04EC0-301F-11D3-BF4B-00C04F79EFBC}") = "Estapar_Web_DAL", "Estapar_Web_DAL\Estapar_Web_DAL.csproj", "{1F628D62-7410-426A-9C2A-1701FAFBBF4B}"
EndProject
Project("{FAE04EC0-301F-11D3-BF4B-00C04F79EFBC}") = "Estapar_Web_DataAcess", "Estapar_Web_DataAcess\Estapar_Web_DataAcess.csproj", "{55F7A08A-5258-4926-9FF8-12AC46F5CF9B}"
EndProject
Project("{FAE04EC0-301F-11D3-BF4B-00C04F79EFBC}") = "Estapar_Web_DTO", "Estapar_Web_DTO\Estapar_Web_DTO.csproj", "{0C9CB0ED-0A12-4F8F-8BE4-744349C00B9F}"
EndProject
Global
	GlobalSection(SolutionConfigurationPlatforms) = preSolution
		Debug|Any CPU = Debug|Any CPU
		Release|Any CPU = Release|Any CPU
	EndGlobalSection
	GlobalSection(ProjectConfigurationPlatforms) = postSolution
		{9C0A91E1-9FC4-47A7-9446-4C18011B208C}.Debug|Any CPU.ActiveCfg = Debug|Any CPU
		{9C0A91E1-9FC4-47A7-9446-4C18011B208C}.Debug|Any CPU.Build.0 = Debug|Any CPU
		{9C0A91E1-9FC4-47A7-9446-4C18011B208C}.Release|Any CPU.ActiveCfg = Release|Any CPU
		{9C0A91E1-9FC4-47A7-9446-4C18011B208C}.Release|Any CPU.Build.0 = Release|Any CPU
		{E718A2D9-C275-4670-8735-3999B27D817A}.Debug|Any CPU.ActiveCfg = Debug|Any CPU
		{E718A2D9-C275-4670-8735-3999B27D817A}.Debug|Any CPU.Build.0 = Debug|Any CPU
		{E718A2D9-C275-4670-8735-3999B27D817A}.Release|Any CPU.ActiveCfg = Release|Any CPU
		{E718A2D9-C275-4670-8735-3999B27D817A}.Release|Any CPU.Build.0 = Release|Any CPU
		{1F628D62-7410-426A-9C2A-1701FAFBBF4B}.Debug|Any CPU.ActiveCfg = Debug|Any CPU
		{1F628D62-7410-426A-9C2A-1701FAFBBF4B}.Debug|Any CPU.Build.0 = Debug|Any CPU
		{1F628D62-7410-426A-9C2A-1701FAFBBF4B}.Release|Any CPU.ActiveCfg = Release|Any CPU
		{1F628D62-7410-426A-9C2A-1701FAFBBF4B}.Release|Any CPU.Build.0 = Release|Any CPU
		{55F7A08A-5258-4926-9FF8-12AC46F5CF9B}.Debug|Any CPU.ActiveCfg = Debug|Any CPU
		{55F7A08A-5258-4926-9FF8-12AC46F5CF9B}.Debug|Any CPU.Build.0 = Debug|Any CPU
		{55F7A08A-5258-4926-9FF8-12AC46F5CF9B}.Release|Any CPU.ActiveCfg = Release|Any CPU
		{55F7A08A-5258-4926-9FF8-12AC46F5CF9B}.Release|Any CPU.Build.0 = Release|Any CPU
		{0C9CB0ED-0A12-4F8F-8BE4-744349C00B9F}.Debug|Any CPU.ActiveCfg = Debug|Any CPU
		{0C9CB0ED-0A12-4F8F-8BE4-744349C00B9F}.Debug|Any CPU.Build.0 = Debug|Any CPU
		{0C9CB0ED-0A12-4F8F-8BE4-744349C00B9F}.Release|Any CPU.ActiveCfg = Release|Any CPU
		{0C9CB0ED-0A12-4F8F-8BE4-744349C00B9F}.Release|Any CPU.Build.0 = Release|Any CPU
	EndGlobalSection
	GlobalSection(SolutionProperties) = preSolution
		HideSolutionNode = FALSE
	EndGlobalSection
	GlobalSection(ExtensibilityGlobals) = postSolution
		SolutionGuid = {3637D1C5-C08C-4E9D-8AC7-537BE59F4B73}
	EndGlobalSection
EndGlobal
